
Microsoft Visual Studio Solution File, Format Version 12.00
# Visual Studio Version 17
VisualStudioVersion = 17.4.33213.308
MinimumVisualStudioVersion = 10.0.40219.1
Project("{FAE04EC0-301F-11D3-BF4B-00C04F79EFBC}") = "InviteMe", "InviteMe\InviteMe.csproj", "{B33C079D-7A35-462F-A23E-E2DC23EB4553}"
EndProject
Global
	GlobalSection(SolutionConfigurationPlatforms) = preSolution
		Debug|Any CPU = Debug|Any CPU
		Release|Any CPU = Release|Any CPU
	EndGlobalSection
	GlobalSection(ProjectConfigurationPlatforms) = postSolution
		{B33C079D-7A35-462F-A23E-E2DC23EB4553}.Debug|Any CPU.ActiveCfg = Debug|Any CPU
		{B33C079D-7A35-462F-A23E-E2DC23EB4553}.Debug|Any CPU.Build.0 = Debug|Any CPU
		{B33C079D-7A35-462F-A23E-E2DC23EB4553}.Release|Any CPU.ActiveCfg = Release|Any CPU
		{B33C079D-7A35-462F-A23E-E2DC23EB4553}.Release|Any CPU.Build.0 = Release|Any CPU
	EndGlobalSection
	GlobalSection(SolutionProperties) = preSolution
		HideSolutionNode = FALSE
	EndGlobalSection
	GlobalSection(ExtensibilityGlobals) = postSolution
		SolutionGuid = {3721C6D9-7948-4F89-93FF-6C0D12DF8CCD}
	EndGlobalSection
EndGlobal
